
Microsoft Visual Studio Solution File, Format Version 9.00
# Visual Studio 2005
Project("{FAE04EC0-301F-11D3-BF4B-00C04F79EFBC}") = "Commerce.PayPal", "APIWrapper\PayPalAPIWrapper\Commerce.PayPal.csproj", "{DEE6FCE4-D41F-40C0-86FD-02887164AAA5}"
EndProject
Project("{FAE04EC0-301F-11D3-BF4B-00C04F79EFBC}") = "Commerce.PaymentProvider", "Commerce.PaymentProvider\Commerce.PaymentProvider.csproj", "{353CBF50-B176-4542-94A6-88B7C8A0A996}"
EndProject
Project("{FAE04EC0-301F-11D3-BF4B-00C04F79EFBC}") = "Commerce.TaxProvider", "Commerce.TaxProvider\Commerce.TaxProvider.csproj", "{74EED1CA-A350-45B7-8ABB-FA40A985C3E4}"
EndProject
Project("{FAE04EC0-301F-11D3-BF4B-00C04F79EFBC}") = "Commerce.Stats", "Commerce.StatsProvider\Commerce.Stats.csproj", "{13101373-EF45-42D4-B8BF-3FD854B02F74}"
EndProject
Project("{FAE04EC0-301F-11D3-BF4B-00C04F79EFBC}") = "Commerce.Messaging", "Commerce.MessagingProvider\Commerce.Messaging.csproj", "{901767EE-26F5-4582-80F5-25CE055A3D58}"
EndProject
Project("{2150E333-8FDC-42A3-9474-1A3956D46DE8}") = "Providers", "Providers", "{107BD9C0-229F-4A7D-9F4E-1226C64D0B14}"
EndProject
Project("{2150E333-8FDC-42A3-9474-1A3956D46DE8}") = "Helper Classes", "Helper Classes", "{5E712FCA-4DCF-41A6-8A00-E1D4C26EAC85}"
EndProject
Project("{FAE04EC0-301F-11D3-BF4B-00C04F79EFBC}") = "Commerce.Common", "Commerce.Common\Commerce.Common.csproj", "{A777DB68-62D1-4B6F-91ED-B37E72F653C4}"
EndProject
Project("{2150E333-8FDC-42A3-9474-1A3956D46DE8}") = "Common", "Common", "{8838B9B9-D4FA-49BE-A36C-6CBB5006189A}"
EndProject
Project("{FAE04EC0-301F-11D3-BF4B-00C04F79EFBC}") = "Commerce.ContentProvider", "Commerce.ContentProvider\Commerce.ContentProvider.csproj", "{08DD8C3E-678E-48F7-AB76-C5D57A22CA2B}"
EndProject
Project("{E24C65DC-7377-472B-9ABA-BC803B73C61A}") = "C:\...\Commerce.Web\", "Commerce.Web", "{3DF1C459-15A7-415B-840E-85D632E6EB01}"
	ProjectSection(WebsiteProperties) = preProject
		SccProjectName = "SAK"
		SccAuxPath = "SAK"
		SccLocalPath = "SAK"
		SccProvider = "SAK"
		ProjectReferences = "{A777DB68-62D1-4B6F-91ED-B37E72F653C4}|Commerce.Common.dll;{08DD8C3E-678E-48F7-AB76-C5D57A22CA2B}|Commerce.ContentProvider.dll;{901767EE-26F5-4582-80F5-25CE055A3D58}|Commerce.Messaging.dll;{353CBF50-B176-4542-94A6-88B7C8A0A996}|Commerce.PaymentProvider.dll;{13101373-EF45-42D4-B8BF-3FD854B02F74}|Commerce.Stats.dll;{74EED1CA-A350-45B7-8ABB-FA40A985C3E4}|Commerce.TaxProvider.dll;{A1ADAD60-CA88-4ACF-9FCA-ACF1E74B066E}|Commerce.FulfillmentProvider.dll;{14F88371-DC44-440D-B958-869D223D9320}|WekeRoad.Tools.dll;{BE3BF801-AA3D-47F0-8F5F-CBE1DDA757C0}|Commerce.Promotions.dll;"
		Debug.AspNetCompiler.VirtualPath = "/Commerce.Web"
		Debug.AspNetCompiler.PhysicalPath = "Commerce.Web\"
		Debug.AspNetCompiler.TargetPath = "PrecompiledWeb\Commerce.Web\"
		Debug.AspNetCompiler.Updateable = "true"
		Debug.AspNetCompiler.ForceOverwrite = "true"
		Debug.AspNetCompiler.FixedNames = "false"
		Debug.AspNetCompiler.Debug = "True"
		Release.AspNetCompiler.VirtualPath = "/Commerce.Web"
		Release.AspNetCompiler.PhysicalPath = "Commerce.Web\"
		Release.AspNetCompiler.TargetPath = "PrecompiledWeb\Commerce.Web\"
		Release.AspNetCompiler.Updateable = "true"
		Release.AspNetCompiler.ForceOverwrite = "true"
		Release.AspNetCompiler.FixedNames = "false"
		Release.AspNetCompiler.Debug = "False"
		VWDPort = "2245"
	EndProjectSection
EndProject
Project("{FAE04EC0-301F-11D3-BF4B-00C04F79EFBC}") = "Commerce.FulfillmentProvider", "Commerce.FulfillmentProvider\Commerce.FulfillmentProvider.csproj", "{A1ADAD60-CA88-4ACF-9FCA-ACF1E74B066E}"
EndProject
Project("{FAE04EC0-301F-11D3-BF4B-00C04F79EFBC}") = "WekeRoad.Tools", "WekeRoad.Tools\WekeRoad.Tools.csproj", "{14F88371-DC44-440D-B958-869D223D9320}"
EndProject
Project("{2150E333-8FDC-42A3-9474-1A3956D46DE8}") = "Lib", "Lib", "{5D5512D9-57C6-473B-A776-6A037059F3D4}"
	ProjectSection(SolutionItems) = preProject
		Lib\AtlasControlToolkit.dll = Lib\AtlasControlToolkit.dll
		Lib\ComponentArt.Web.UI.dll = Lib\ComponentArt.Web.UI.dll
		Lib\eWorld.UI.Compatibility.dll = Lib\eWorld.UI.Compatibility.dll
		Lib\eWorld.UI.dll = Lib\eWorld.UI.dll
		Lib\FreeTextBox.dll = Lib\FreeTextBox.dll
		Lib\Infragistics2.WebUI.Shared.v6.3.dll = Lib\Infragistics2.WebUI.Shared.v6.3.dll
		Lib\Infragistics2.WebUI.WebDataInput.v6.3.dll = Lib\Infragistics2.WebUI.WebDataInput.v6.3.dll
		Lib\MagicAjax.dll = Lib\MagicAjax.dll
		Lib\Microsoft.AtlasControlExtender.dll = Lib\Microsoft.AtlasControlExtender.dll
		Lib\Microsoft.Practices.EnterpriseLibrary.Caching.Database.dll = Lib\Microsoft.Practices.EnterpriseLibrary.Caching.Database.dll
		Lib\Microsoft.Practices.EnterpriseLibrary.Caching.dll = Lib\Microsoft.Practices.EnterpriseLibrary.Caching.dll
		Lib\Microsoft.Practices.EnterpriseLibrary.Common.dll = Lib\Microsoft.Practices.EnterpriseLibrary.Common.dll
		Lib\Microsoft.Practices.EnterpriseLibrary.Data.dll = Lib\Microsoft.Practices.EnterpriseLibrary.Data.dll
		Lib\Microsoft.Practices.ObjectBuilder.dll = Lib\Microsoft.Practices.ObjectBuilder.dll
		Lib\Microsoft.Web.Atlas.dll = Lib\Microsoft.Web.Atlas.dll
		Lib\RssToolkit.dll = Lib\RssToolkit.dll
		Lib\Xpdt.Web.UI.Ratings.dll = Lib\Xpdt.Web.UI.Ratings.dll
	EndProjectSection
EndProject
Project("{FAE04EC0-301F-11D3-BF4B-00C04F79EFBC}") = "Commerce.Promotions", "Commerce.Promotions\Commerce.Promotions.csproj", "{BE3BF801-AA3D-47F0-8F5F-CBE1DDA757C0}"
EndProject
Project("{E729F059-12D4-455F-A2A4-FDA8DD25E08A}") = "ELearning.Install", "ELearning.Install\ELearning.Install.isproj", "{EE5F999B-513A-4A61-B749-4C29238340C7}"
	ProjectSection(ProjectDependencies) = postProject
		{3DF1C459-15A7-415B-840E-85D632E6EB01} = {3DF1C459-15A7-415B-840E-85D632E6EB01}
	EndProjectSection
EndProject
Global
	GlobalSection(TeamFoundationVersionControl) = preSolution
		SccNumberOfProjects = 12
		SccEnterpriseProvider = {4CA58AB2-18FA-4F8D-95D4-32DDF27D184C}
		SccTeamFoundationServer = https://tfs01.codeplex.com/
		SccLocalPath0 = .
		SccProjectUniqueName1 = APIWrapper\\PayPalAPIWrapper\\Commerce.PayPal.csproj
		SccProjectTopLevelParentUniqueName1 = ELearning.sln
		SccProjectName1 = APIWrapper/PayPalAPIWrapper
		SccLocalPath1 = APIWrapper\\PayPalAPIWrapper
		SccProjectUniqueName2 = Commerce.PaymentProvider\\Commerce.PaymentProvider.csproj
		SccProjectTopLevelParentUniqueName2 = ELearning.sln
		SccProjectName2 = Commerce.PaymentProvider
		SccLocalPath2 = Commerce.PaymentProvider
		SccProjectUniqueName3 = Commerce.TaxProvider\\Commerce.TaxProvider.csproj
		SccProjectTopLevelParentUniqueName3 = ELearning.sln
		SccProjectName3 = Commerce.TaxProvider
		SccLocalPath3 = Commerce.TaxProvider
		SccProjectUniqueName4 = Commerce.StatsProvider\\Commerce.Stats.csproj
		SccProjectTopLevelParentUniqueName4 = ELearning.sln
		SccProjectName4 = Commerce.StatsProvider
		SccLocalPath4 = Commerce.StatsProvider
		SccProjectUniqueName5 = Commerce.MessagingProvider\\Commerce.Messaging.csproj
		SccProjectTopLevelParentUniqueName5 = ELearning.sln
		SccProjectName5 = Commerce.MessagingProvider
		SccLocalPath5 = Commerce.MessagingProvider
		SccProjectUniqueName6 = Commerce.Common\\Commerce.Common.csproj
		SccProjectTopLevelParentUniqueName6 = ELearning.sln
		SccProjectName6 = Commerce.Common
		SccLocalPath6 = Commerce.Common
		SccProjectUniqueName7 = Commerce.ContentProvider\\Commerce.ContentProvider.csproj
		SccProjectTopLevelParentUniqueName7 = ELearning.sln
		SccProjectName7 = Commerce.ContentProvider
		SccLocalPath7 = Commerce.ContentProvider
		SccProjectUniqueName8 = Commerce.FulfillmentProvider\\Commerce.FulfillmentProvider.csproj
		SccProjectTopLevelParentUniqueName8 = ELearning.sln
		SccProjectName8 = Commerce.FulfillmentProvider
		SccLocalPath8 = Commerce.FulfillmentProvider
		SccProjectUniqueName9 = WekeRoad.Tools\\WekeRoad.Tools.csproj
		SccProjectName9 = WekeRoad.Tools
		SccLocalPath9 = WekeRoad.Tools
		SccWebProject10 = true
		SccProjectUniqueName10 = Commerce.Web
		SccProjectName10 = Commerce.Web
		SccLocalPath10 = Commerce.Web
		SccProjectEnlistmentChoice10 = 2
		SccProjectUniqueName11 = Commerce.Promotions\\Commerce.Promotions.csproj
		SccProjectName11 = Commerce.Promotions
		SccLocalPath11 = Commerce.Promotions
	EndGlobalSection
	GlobalSection(SolutionConfigurationPlatforms) = preSolution
		Debug|.NET = Debug|.NET
		Debug|Any CPU = Debug|Any CPU
		Debug|Mixed Platforms = Debug|Mixed Platforms
		Default|.NET = Default|.NET
		Default|Any CPU = Default|Any CPU
		Default|Mixed Platforms = Default|Mixed Platforms
		Deploy|.NET = Deploy|.NET
		Deploy|Any CPU = Deploy|Any CPU
		Deploy|Mixed Platforms = Deploy|Mixed Platforms
		Release|.NET = Release|.NET
		Release|Any CPU = Release|Any CPU
		Release|Mixed Platforms = Release|Mixed Platforms
	EndGlobalSection
	GlobalSection(ProjectConfigurationPlatforms) = postSolution
		{DEE6FCE4-D41F-40C0-86FD-02887164AAA5}.Debug|.NET.ActiveCfg = Release|Any CPU
		{DEE6FCE4-D41F-40C0-86FD-02887164AAA5}.Debug|.NET.Build.0 = Release|Any CPU
		{DEE6FCE4-D41F-40C0-86FD-02887164AAA5}.Debug|Any CPU.ActiveCfg = Debug|Any CPU
		{DEE6FCE4-D41F-40C0-86FD-02887164AAA5}.Debug|Any CPU.Build.0 = Debug|Any CPU
		{DEE6FCE4-D41F-40C0-86FD-02887164AAA5}.Debug|Mixed Platforms.ActiveCfg = Debug|Any CPU
		{DEE6FCE4-D41F-40C0-86FD-02887164AAA5}.Debug|Mixed Platforms.Build.0 = Debug|Any CPU
		{DEE6FCE4-D41F-40C0-86FD-02887164AAA5}.Default|.NET.ActiveCfg = Debug|Any CPU
		{DEE6FCE4-D41F-40C0-86FD-02887164AAA5}.Default|Any CPU.ActiveCfg = Debug|Any CPU
		{DEE6FCE4-D41F-40C0-86FD-02887164AAA5}.Default|Any CPU.Build.0 = Debug|Any CPU
		{DEE6FCE4-D41F-40C0-86FD-02887164AAA5}.Default|Mixed Platforms.ActiveCfg = Debug|Any CPU
		{DEE6FCE4-D41F-40C0-86FD-02887164AAA5}.Default|Mixed Platforms.Build.0 = Debug|Any CPU
		{DEE6FCE4-D41F-40C0-86FD-02887164AAA5}.Deploy|.NET.ActiveCfg = Deploy|Any CPU
		{DEE6FCE4-D41F-40C0-86FD-02887164AAA5}.Deploy|Any CPU.ActiveCfg = Deploy|Any CPU
		{DEE6FCE4-D41F-40C0-86FD-02887164AAA5}.Deploy|Any CPU.Build.0 = Deploy|Any CPU
		{DEE6FCE4-D41F-40C0-86FD-02887164AAA5}.Deploy|Mixed Platforms.ActiveCfg = Deploy|Any CPU
		{DEE6FCE4-D41F-40C0-86FD-02887164AAA5}.Release|.NET.ActiveCfg = Release|Any CPU
		{DEE6FCE4-D41F-40C0-86FD-02887164AAA5}.Release|.NET.Build.0 = Release|Any CPU
		{DEE6FCE4-D41F-40C0-86FD-02887164AAA5}.Release|Any CPU.ActiveCfg = Release|Any CPU
		{DEE6FCE4-D41F-40C0-86FD-02887164AAA5}.Release|Any CPU.Build.0 = Release|Any CPU
		{DEE6FCE4-D41F-40C0-86FD-02887164AAA5}.Release|Mixed Platforms.ActiveCfg = Release|Any CPU
		{DEE6FCE4-D41F-40C0-86FD-02887164AAA5}.Release|Mixed Platforms.Build.0 = Release|Any CPU
		{353CBF50-B176-4542-94A6-88B7C8A0A996}.Debug|.NET.ActiveCfg = Release|Any CPU
		{353CBF50-B176-4542-94A6-88B7C8A0A996}.Debug|.NET.Build.0 = Release|Any CPU
		{353CBF50-B176-4542-94A6-88B7C8A0A996}.Debug|Any CPU.ActiveCfg = Debug|Any CPU
		{353CBF50-B176-4542-94A6-88B7C8A0A996}.Debug|Any CPU.Build.0 = Debug|Any CPU
		{353CBF50-B176-4542-94A6-88B7C8A0A996}.Debug|Mixed Platforms.ActiveCfg = Debug|Any CPU
		{353CBF50-B176-4542-94A6-88B7C8A0A996}.Debug|Mixed Platforms.Build.0 = Debug|Any CPU
		{353CBF50-B176-4542-94A6-88B7C8A0A996}.Default|.NET.ActiveCfg = Debug|Any CPU
		{353CBF50-B176-4542-94A6-88B7C8A0A996}.Default|Any CPU.ActiveCfg = Debug|Any CPU
		{353CBF50-B176-4542-94A6-88B7C8A0A996}.Default|Any CPU.Build.0 = Debug|Any CPU
		{353CBF50-B176-4542-94A6-88B7C8A0A996}.Default|Mixed Platforms.ActiveCfg = Debug|Any CPU
		{353CBF50-B176-4542-94A6-88B7C8A0A996}.Default|Mixed Platforms.Build.0 = Debug|Any CPU
		{353CBF50-B176-4542-94A6-88B7C8A0A996}.Deploy|.NET.ActiveCfg = Deploy|Any CPU
		{353CBF50-B176-4542-94A6-88B7C8A0A996}.Deploy|Any CPU.ActiveCfg = Deploy|Any CPU
		{353CBF50-B176-4542-94A6-88B7C8A0A996}.Deploy|Any CPU.Build.0 = Deploy|Any CPU
		{353CBF50-B176-4542-94A6-88B7C8A0A996}.Deploy|Mixed Platforms.ActiveCfg = Deploy|Any CPU
		{353CBF50-B176-4542-94A6-88B7C8A0A996}.Release|.NET.ActiveCfg = Release|Any CPU
		{353CBF50-B176-4542-94A6-88B7C8A0A996}.Release|.NET.Build.0 = Release|Any CPU
		{353CBF50-B176-4542-94A6-88B7C8A0A996}.Release|Any CPU.ActiveCfg = Release|Any CPU
		{353CBF50-B176-4542-94A6-88B7C8A0A996}.Release|Any CPU.Build.0 = Release|Any CPU
		{353CBF50-B176-4542-94A6-88B7C8A0A996}.Release|Mixed Platforms.ActiveCfg = Release|Any CPU
		{353CBF50-B176-4542-94A6-88B7C8A0A996}.Release|Mixed Platforms.Build.0 = Release|Any CPU
		{74EED1CA-A350-45B7-8ABB-FA40A985C3E4}.Debug|.NET.ActiveCfg = Release|Any CPU
		{74EED1CA-A350-45B7-8ABB-FA40A985C3E4}.Debug|.NET.Build.0 = Release|Any CPU
		{74EED1CA-A350-45B7-8ABB-FA40A985C3E4}.Debug|Any CPU.ActiveCfg = Debug|Any CPU
		{74EED1CA-A350-45B7-8ABB-FA40A985C3E4}.Debug|Any CPU.Build.0 = Debug|Any CPU
		{74EED1CA-A350-45B7-8ABB-FA40A985C3E4}.Debug|Mixed Platforms.ActiveCfg = Debug|Any CPU
		{74EED1CA-A350-45B7-8ABB-FA40A985C3E4}.Debug|Mixed Platforms.Build.0 = Debug|Any CPU
		{74EED1CA-A350-45B7-8ABB-FA40A985C3E4}.Default|.NET.ActiveCfg = Debug|Any CPU
		{74EED1CA-A350-45B7-8ABB-FA40A985C3E4}.Default|Any CPU.ActiveCfg = Debug|Any CPU
		{74EED1CA-A350-45B7-8ABB-FA40A985C3E4}.Default|Any CPU.Build.0 = Debug|Any CPU
		{74EED1CA-A350-45B7-8ABB-FA40A985C3E4}.Default|Mixed Platforms.ActiveCfg = Debug|Any CPU
		{74EED1CA-A350-45B7-8ABB-FA40A985C3E4}.Default|Mixed Platforms.Build.0 = Debug|Any CPU
		{74EED1CA-A350-45B7-8ABB-FA40A985C3E4}.Deploy|.NET.ActiveCfg = Deploy|Any CPU
		{74EED1CA-A350-45B7-8ABB-FA40A985C3E4}.Deploy|Any CPU.ActiveCfg = Deploy|Any CPU
		{74EED1CA-A350-45B7-8ABB-FA40A985C3E4}.Deploy|Any CPU.Build.0 = Deploy|Any CPU
		{74EED1CA-A350-45B7-8ABB-FA40A985C3E4}.Deploy|Mixed Platforms.ActiveCfg = Deploy|Any CPU
		{74EED1CA-A350-45B7-8ABB-FA40A985C3E4}.Release|.NET.ActiveCfg = Release|Any CPU
		{74EED1CA-A350-45B7-8ABB-FA40A985C3E4}.Release|.NET.Build.0 = Release|Any CPU
		{74EED1CA-A350-45B7-8ABB-FA40A985C3E4}.Release|Any CPU.ActiveCfg = Release|Any CPU
		{74EED1CA-A350-45B7-8ABB-FA40A985C3E4}.Release|Any CPU.Build.0 = Release|Any CPU
		{74EED1CA-A350-45B7-8ABB-FA40A985C3E4}.Release|Mixed Platforms.ActiveCfg = Release|Any CPU
		{74EED1CA-A350-45B7-8ABB-FA40A985C3E4}.Release|Mixed Platforms.Build.0 = Release|Any CPU
		{13101373-EF45-42D4-B8BF-3FD854B02F74}.Debug|.NET.ActiveCfg = Release|Any CPU
		{13101373-EF45-42D4-B8BF-3FD854B02F74}.Debug|.NET.Build.0 = Release|Any CPU
		{13101373-EF45-42D4-B8BF-3FD854B02F74}.Debug|Any CPU.ActiveCfg = Debug|Any CPU
		{13101373-EF45-42D4-B8BF-3FD854B02F74}.Debug|Any CPU.Build.0 = Debug|Any CPU
		{13101373-EF45-42D4-B8BF-3FD854B02F74}.Debug|Mixed Platforms.ActiveCfg = Debug|Any CPU
		{13101373-EF45-42D4-B8BF-3FD854B02F74}.Debug|Mixed Platforms.Build.0 = Debug|Any CPU
		{13101373-EF45-42D4-B8BF-3FD854B02F74}.Default|.NET.ActiveCfg = Debug|Any CPU
		{13101373-EF45-42D4-B8BF-3FD854B02F74}.Default|Any CPU.ActiveCfg = Debug|Any CPU
		{13101373-EF45-42D4-B8BF-3FD854B02F74}.Default|Any CPU.Build.0 = Debug|Any CPU
		{13101373-EF45-42D4-B8BF-3FD854B02F74}.Default|Mixed Platforms.ActiveCfg = Debug|Any CPU
		{13101373-EF45-42D4-B8BF-3FD854B02F74}.Default|Mixed Platforms.Build.0 = Debug|Any CPU
		{13101373-EF45-42D4-B8BF-3FD854B02F74}.Deploy|.NET.ActiveCfg = Deploy|Any CPU
		{13101373-EF45-42D4-B8BF-3FD854B02F74}.Deploy|Any CPU.ActiveCfg = Deploy|Any CPU
		{13101373-EF45-42D4-B8BF-3FD854B02F74}.Deploy|Any CPU.Build.0 = Deploy|Any CPU
		{13101373-EF45-42D4-B8BF-3FD854B02F74}.Deploy|Mixed Platforms.ActiveCfg = Deploy|Any CPU
		{13101373-EF45-42D4-B8BF-3FD854B02F74}.Release|.NET.ActiveCfg = Release|Any CPU
		{13101373-EF45-42D4-B8BF-3FD854B02F74}.Release|.NET.Build.0 = Release|Any CPU
		{13101373-EF45-42D4-B8BF-3FD854B02F74}.Release|Any CPU.ActiveCfg = Release|Any CPU
		{13101373-EF45-42D4-B8BF-3FD854B02F74}.Release|Any CPU.Build.0 = Release|Any CPU
		{13101373-EF45-42D4-B8BF-3FD854B02F74}.Release|Mixed Platforms.ActiveCfg = Release|Any CPU
		{13101373-EF45-42D4-B8BF-3FD854B02F74}.Release|Mixed Platforms.Build.0 = Release|Any CPU
		{901767EE-26F5-4582-80F5-25CE055A3D58}.Debug|.NET.ActiveCfg = Release|Any CPU
		{901767EE-26F5-4582-80F5-25CE055A3D58}.Debug|.NET.Build.0 = Release|Any CPU
		{901767EE-26F5-4582-80F5-25CE055A3D58}.Debug|Any CPU.ActiveCfg = Debug|Any CPU
		{901767EE-26F5-4582-80F5-25CE055A3D58}.Debug|Any CPU.Build.0 = Debug|Any CPU
		{901767EE-26F5-4582-80F5-25CE055A3D58}.Debug|Mixed Platforms.ActiveCfg = Debug|Any CPU
		{901767EE-26F5-4582-80F5-25CE055A3D58}.Debug|Mixed Platforms.Build.0 = Debug|Any CPU
		{901767EE-26F5-4582-80F5-25CE055A3D58}.Default|.NET.ActiveCfg = Debug|Any CPU
		{901767EE-26F5-4582-80F5-25CE055A3D58}.Default|Any CPU.ActiveCfg = Debug|Any CPU
		{901767EE-26F5-4582-80F5-25CE055A3D58}.Default|Any CPU.Build.0 = Debug|Any CPU
		{901767EE-26F5-4582-80F5-25CE055A3D58}.Default|Mixed Platforms.ActiveCfg = Debug|Any CPU
		{901767EE-26F5-4582-80F5-25CE055A3D58}.Default|Mixed Platforms.Build.0 = Debug|Any CPU
		{901767EE-26F5-4582-80F5-25CE055A3D58}.Deploy|.NET.ActiveCfg = Deploy|Any CPU
		{901767EE-26F5-4582-80F5-25CE055A3D58}.Deploy|Any CPU.ActiveCfg = Deploy|Any CPU
		{901767EE-26F5-4582-80F5-25CE055A3D58}.Deploy|Any CPU.Build.0 = Deploy|Any CPU
		{901767EE-26F5-4582-80F5-25CE055A3D58}.Deploy|Mixed Platforms.ActiveCfg = Deploy|Any CPU
		{901767EE-26F5-4582-80F5-25CE055A3D58}.Release|.NET.ActiveCfg = Release|Any CPU
		{901767EE-26F5-4582-80F5-25CE055A3D58}.Release|.NET.Build.0 = Release|Any CPU
		{901767EE-26F5-4582-80F5-25CE055A3D58}.Release|Any CPU.ActiveCfg = Release|Any CPU
		{901767EE-26F5-4582-80F5-25CE055A3D58}.Release|Any CPU.Build.0 = Release|Any CPU
		{901767EE-26F5-4582-80F5-25CE055A3D58}.Release|Mixed Platforms.ActiveCfg = Release|Any CPU
		{901767EE-26F5-4582-80F5-25CE055A3D58}.Release|Mixed Platforms.Build.0 = Release|Any CPU
		{A777DB68-62D1-4B6F-91ED-B37E72F653C4}.Debug|.NET.ActiveCfg = Release|Any CPU
		{A777DB68-62D1-4B6F-91ED-B37E72F653C4}.Debug|.NET.Build.0 = Release|Any CPU
		{A777DB68-62D1-4B6F-91ED-B37E72F653C4}.Debug|Any CPU.ActiveCfg = Debug|Any CPU
		{A777DB68-62D1-4B6F-91ED-B37E72F653C4}.Debug|Any CPU.Build.0 = Debug|Any CPU
		{A777DB68-62D1-4B6F-91ED-B37E72F653C4}.Debug|Mixed Platforms.ActiveCfg = Debug|Any CPU
		{A777DB68-62D1-4B6F-91ED-B37E72F653C4}.Debug|Mixed Platforms.Build.0 = Debug|Any CPU
		{A777DB68-62D1-4B6F-91ED-B37E72F653C4}.Default|.NET.ActiveCfg = Debug|Any CPU
		{A777DB68-62D1-4B6F-91ED-B37E72F653C4}.Default|Any CPU.ActiveCfg = Debug|Any CPU
		{A777DB68-62D1-4B6F-91ED-B37E72F653C4}.Default|Any CPU.Build.0 = Debug|Any CPU
		{A777DB68-62D1-4B6F-91ED-B37E72F653C4}.Default|Mixed Platforms.ActiveCfg = Debug|Any CPU
		{A777DB68-62D1-4B6F-91ED-B37E72F653C4}.Default|Mixed Platforms.Build.0 = Debug|Any CPU
		{A777DB68-62D1-4B6F-91ED-B37E72F653C4}.Deploy|.NET.ActiveCfg = Deploy|Any CPU
		{A777DB68-62D1-4B6F-91ED-B37E72F653C4}.Deploy|Any CPU.ActiveCfg = Deploy|Any CPU
		{A777DB68-62D1-4B6F-91ED-B37E72F653C4}.Deploy|Any CPU.Build.0 = Deploy|Any CPU
		{A777DB68-62D1-4B6F-91ED-B37E72F653C4}.Deploy|Mixed Platforms.ActiveCfg = Deploy|Any CPU
		{A777DB68-62D1-4B6F-91ED-B37E72F653C4}.Release|.NET.ActiveCfg = Release|Any CPU
		{A777DB68-62D1-4B6F-91ED-B37E72F653C4}.Release|.NET.Build.0 = Release|Any CPU
		{A777DB68-62D1-4B6F-91ED-B37E72F653C4}.Release|Any CPU.ActiveCfg = Release|Any CPU
		{A777DB68-62D1-4B6F-91ED-B37E72F653C4}.Release|Any CPU.Build.0 = Release|Any CPU
		{A777DB68-62D1-4B6F-91ED-B37E72F653C4}.Release|Mixed Platforms.ActiveCfg = Release|Any CPU
		{A777DB68-62D1-4B6F-91ED-B37E72F653C4}.Release|Mixed Platforms.Build.0 = Release|Any CPU
		{08DD8C3E-678E-48F7-AB76-C5D57A22CA2B}.Debug|.NET.ActiveCfg = Release|Any CPU
		{08DD8C3E-678E-48F7-AB76-C5D57A22CA2B}.Debug|.NET.Build.0 = Release|Any CPU
		{08DD8C3E-678E-48F7-AB76-C5D57A22CA2B}.Debug|Any CPU.ActiveCfg = Debug|Any CPU
		{08DD8C3E-678E-48F7-AB76-C5D57A22CA2B}.Debug|Any CPU.Build.0 = Debug|Any CPU
		{08DD8C3E-678E-48F7-AB76-C5D57A22CA2B}.Debug|Mixed Platforms.ActiveCfg = Debug|Any CPU
		{08DD8C3E-678E-48F7-AB76-C5D57A22CA2B}.Debug|Mixed Platforms.Build.0 = Debug|Any CPU
		{08DD8C3E-678E-48F7-AB76-C5D57A22CA2B}.Default|.NET.ActiveCfg = Debug|Any CPU
		{08DD8C3E-678E-48F7-AB76-C5D57A22CA2B}.Default|Any CPU.ActiveCfg = Debug|Any CPU
		{08DD8C3E-678E-48F7-AB76-C5D57A22CA2B}.Default|Any CPU.Build.0 = Debug|Any CPU
		{08DD8C3E-678E-48F7-AB76-C5D57A22CA2B}.Default|Mixed Platforms.ActiveCfg = Debug|Any CPU
		{08DD8C3E-678E-48F7-AB76-C5D57A22CA2B}.Default|Mixed Platforms.Build.0 = Debug|Any CPU
		{08DD8C3E-678E-48F7-AB76-C5D57A22CA2B}.Deploy|.NET.ActiveCfg = Deploy|Any CPU
		{08DD8C3E-678E-48F7-AB76-C5D57A22CA2B}.Deploy|Any CPU.ActiveCfg = Deploy|Any CPU
		{08DD8C3E-678E-48F7-AB76-C5D57A22CA2B}.Deploy|Any CPU.Build.0 = Deploy|Any CPU
		{08DD8C3E-678E-48F7-AB76-C5D57A22CA2B}.Deploy|Mixed Platforms.ActiveCfg = Deploy|Any CPU
		{08DD8C3E-678E-48F7-AB76-C5D57A22CA2B}.Release|.NET.ActiveCfg = Release|Any CPU
		{08DD8C3E-678E-48F7-AB76-C5D57A22CA2B}.Release|.NET.Build.0 = Release|Any CPU
		{08DD8C3E-678E-48F7-AB76-C5D57A22CA2B}.Release|Any CPU.ActiveCfg = Release|Any CPU
		{08DD8C3E-678E-48F7-AB76-C5D57A22CA2B}.Release|Any CPU.Build.0 = Release|Any CPU
		{08DD8C3E-678E-48F7-AB76-C5D57A22CA2B}.Release|Mixed Platforms.ActiveCfg = Release|Any CPU
		{08DD8C3E-678E-48F7-AB76-C5D57A22CA2B}.Release|Mixed Platforms.Build.0 = Release|Any CPU
		{3DF1C459-15A7-415B-840E-85D632E6EB01}.Debug|.NET.ActiveCfg = Debug|.NET
		{3DF1C459-15A7-415B-840E-85D632E6EB01}.Debug|.NET.Build.0 = Debug|.NET
		{3DF1C459-15A7-415B-840E-85D632E6EB01}.Debug|Any CPU.ActiveCfg = Debug|.NET
		{3DF1C459-15A7-415B-840E-85D632E6EB01}.Debug|Mixed Platforms.ActiveCfg = Debug|.NET
		{3DF1C459-15A7-415B-840E-85D632E6EB01}.Debug|Mixed Platforms.Build.0 = Debug|.NET
		{3DF1C459-15A7-415B-840E-85D632E6EB01}.Default|.NET.ActiveCfg = Debug|.NET
		{3DF1C459-15A7-415B-840E-85D632E6EB01}.Default|.NET.Build.0 = Debug|.NET
		{3DF1C459-15A7-415B-840E-85D632E6EB01}.Default|Any CPU.ActiveCfg = Debug|.NET
		{3DF1C459-15A7-415B-840E-85D632E6EB01}.Default|Mixed Platforms.ActiveCfg = Debug|.NET
		{3DF1C459-15A7-415B-840E-85D632E6EB01}.Default|Mixed Platforms.Build.0 = Debug|.NET
		{3DF1C459-15A7-415B-840E-85D632E6EB01}.Deploy|.NET.ActiveCfg = Debug|.NET
		{3DF1C459-15A7-415B-840E-85D632E6EB01}.Deploy|Any CPU.ActiveCfg = Debug|.NET
		{3DF1C459-15A7-415B-840E-85D632E6EB01}.Deploy|Mixed Platforms.ActiveCfg = Debug|.NET
		{3DF1C459-15A7-415B-840E-85D632E6EB01}.Release|.NET.ActiveCfg = Debug|.NET
		{3DF1C459-15A7-415B-840E-85D632E6EB01}.Release|.NET.Build.0 = Debug|.NET
		{3DF1C459-15A7-415B-840E-85D632E6EB01}.Release|Any CPU.ActiveCfg = Debug|.NET
		{3DF1C459-15A7-415B-840E-85D632E6EB01}.Release|Mixed Platforms.ActiveCfg = Debug|.NET
		{3DF1C459-15A7-415B-840E-85D632E6EB01}.Release|Mixed Platforms.Build.0 = Debug|.NET
		{A1ADAD60-CA88-4ACF-9FCA-ACF1E74B066E}.Debug|.NET.ActiveCfg = Release|Any CPU
		{A1ADAD60-CA88-4ACF-9FCA-ACF1E74B066E}.Debug|.NET.Build.0 = Release|Any CPU
		{A1ADAD60-CA88-4ACF-9FCA-ACF1E74B066E}.Debug|Any CPU.ActiveCfg = Debug|Any CPU
		{A1ADAD60-CA88-4ACF-9FCA-ACF1E74B066E}.Debug|Any CPU.Build.0 = Debug|Any CPU
		{A1ADAD60-CA88-4ACF-9FCA-ACF1E74B066E}.Debug|Mixed Platforms.ActiveCfg = Debug|Any CPU
		{A1ADAD60-CA88-4ACF-9FCA-ACF1E74B066E}.Debug|Mixed Platforms.Build.0 = Debug|Any CPU
		{A1ADAD60-CA88-4ACF-9FCA-ACF1E74B066E}.Default|.NET.ActiveCfg = Debug|Any CPU
		{A1ADAD60-CA88-4ACF-9FCA-ACF1E74B066E}.Default|Any CPU.ActiveCfg = Debug|Any CPU
		{A1ADAD60-CA88-4ACF-9FCA-ACF1E74B066E}.Default|Any CPU.Build.0 = Debug|Any CPU
		{A1ADAD60-CA88-4ACF-9FCA-ACF1E74B066E}.Default|Mixed Platforms.ActiveCfg = Debug|Any CPU
		{A1ADAD60-CA88-4ACF-9FCA-ACF1E74B066E}.Default|Mixed Platforms.Build.0 = Debug|Any CPU
		{A1ADAD60-CA88-4ACF-9FCA-ACF1E74B066E}.Deploy|.NET.ActiveCfg = Deploy|Any CPU
		{A1ADAD60-CA88-4ACF-9FCA-ACF1E74B066E}.Deploy|Any CPU.ActiveCfg = Deploy|Any CPU
		{A1ADAD60-CA88-4ACF-9FCA-ACF1E74B066E}.Deploy|Any CPU.Build.0 = Deploy|Any CPU
		{A1ADAD60-CA88-4ACF-9FCA-ACF1E74B066E}.Deploy|Mixed Platforms.ActiveCfg = Deploy|Any CPU
		{A1ADAD60-CA88-4ACF-9FCA-ACF1E74B066E}.Release|.NET.ActiveCfg = Release|Any CPU
		{A1ADAD60-CA88-4ACF-9FCA-ACF1E74B066E}.Release|.NET.Build.0 = Release|Any CPU
		{A1ADAD60-CA88-4ACF-9FCA-ACF1E74B066E}.Release|Any CPU.ActiveCfg = Release|Any CPU
		{A1ADAD60-CA88-4ACF-9FCA-ACF1E74B066E}.Release|Any CPU.Build.0 = Release|Any CPU
		{A1ADAD60-CA88-4ACF-9FCA-ACF1E74B066E}.Release|Mixed Platforms.ActiveCfg = Release|Any CPU
		{A1ADAD60-CA88-4ACF-9FCA-ACF1E74B066E}.Release|Mixed Platforms.Build.0 = Release|Any CPU
		{14F88371-DC44-440D-B958-869D223D9320}.Debug|.NET.ActiveCfg = Release|Any CPU
		{14F88371-DC44-440D-B958-869D223D9320}.Debug|.NET.Build.0 = Release|Any CPU
		{14F88371-DC44-440D-B958-869D223D9320}.Debug|Any CPU.ActiveCfg = Debug|Any CPU
		{14F88371-DC44-440D-B958-869D223D9320}.Debug|Any CPU.Build.0 = Debug|Any CPU
		{14F88371-DC44-440D-B958-869D223D9320}.Debug|Mixed Platforms.ActiveCfg = Debug|Any CPU
		{14F88371-DC44-440D-B958-869D223D9320}.Debug|Mixed Platforms.Build.0 = Debug|Any CPU
		{14F88371-DC44-440D-B958-869D223D9320}.Default|.NET.ActiveCfg = Debug|Any CPU
		{14F88371-DC44-440D-B958-869D223D9320}.Default|Any CPU.ActiveCfg = Debug|Any CPU
		{14F88371-DC44-440D-B958-869D223D9320}.Default|Any CPU.Build.0 = Debug|Any CPU
		{14F88371-DC44-440D-B958-869D223D9320}.Default|Mixed Platforms.ActiveCfg = Debug|Any CPU
		{14F88371-DC44-440D-B958-869D223D9320}.Default|Mixed Platforms.Build.0 = Debug|Any CPU
		{14F88371-DC44-440D-B958-869D223D9320}.Deploy|.NET.ActiveCfg = Deploy|Any CPU
		{14F88371-DC44-440D-B958-869D223D9320}.Deploy|Any CPU.ActiveCfg = Deploy|Any CPU
		{14F88371-DC44-440D-B958-869D223D9320}.Deploy|Any CPU.Build.0 = Deploy|Any CPU
		{14F88371-DC44-440D-B958-869D223D9320}.Deploy|Mixed Platforms.ActiveCfg = Deploy|Any CPU
		{14F88371-DC44-440D-B958-869D223D9320}.Release|.NET.ActiveCfg = Release|Any CPU
		{14F88371-DC44-440D-B958-869D223D9320}.Release|.NET.Build.0 = Release|Any CPU
		{14F88371-DC44-440D-B958-869D223D9320}.Release|Any CPU.ActiveCfg = Release|Any CPU
		{14F88371-DC44-440D-B958-869D223D9320}.Release|Any CPU.Build.0 = Release|Any CPU
		{14F88371-DC44-440D-B958-869D223D9320}.Release|Mixed Platforms.ActiveCfg = Release|Any CPU
		{14F88371-DC44-440D-B958-869D223D9320}.Release|Mixed Platforms.Build.0 = Release|Any CPU
		{BE3BF801-AA3D-47F0-8F5F-CBE1DDA757C0}.Debug|.NET.ActiveCfg = Debug|Any CPU
		{BE3BF801-AA3D-47F0-8F5F-CBE1DDA757C0}.Debug|Any CPU.ActiveCfg = Debug|Any CPU
		{BE3BF801-AA3D-47F0-8F5F-CBE1DDA757C0}.Debug|Any CPU.Build.0 = Debug|Any CPU
		{BE3BF801-AA3D-47F0-8F5F-CBE1DDA757C0}.Debug|Mixed Platforms.ActiveCfg = Debug|Any CPU
		{BE3BF801-AA3D-47F0-8F5F-CBE1DDA757C0}.Debug|Mixed Platforms.Build.0 = Debug|Any CPU
		{BE3BF801-AA3D-47F0-8F5F-CBE1DDA757C0}.Default|.NET.ActiveCfg = Deploy|Any CPU
		{BE3BF801-AA3D-47F0-8F5F-CBE1DDA757C0}.Default|Any CPU.ActiveCfg = Deploy|Any CPU
		{BE3BF801-AA3D-47F0-8F5F-CBE1DDA757C0}.Default|Any CPU.Build.0 = Deploy|Any CPU
		{BE3BF801-AA3D-47F0-8F5F-CBE1DDA757C0}.Default|Mixed Platforms.ActiveCfg = Deploy|Any CPU
		{BE3BF801-AA3D-47F0-8F5F-CBE1DDA757C0}.Default|Mixed Platforms.Build.0 = Deploy|Any CPU
		{BE3BF801-AA3D-47F0-8F5F-CBE1DDA757C0}.Deploy|.NET.ActiveCfg = Deploy|Any CPU
		{BE3BF801-AA3D-47F0-8F5F-CBE1DDA757C0}.Deploy|Any CPU.ActiveCfg = Deploy|Any CPU
		{BE3BF801-AA3D-47F0-8F5F-CBE1DDA757C0}.Deploy|Any CPU.Build.0 = Deploy|Any CPU
		{BE3BF801-AA3D-47F0-8F5F-CBE1DDA757C0}.Deploy|Mixed Platforms.ActiveCfg = Deploy|Any CPU
		{BE3BF801-AA3D-47F0-8F5F-CBE1DDA757C0}.Deploy|Mixed Platforms.Build.0 = Deploy|Any CPU
		{BE3BF801-AA3D-47F0-8F5F-CBE1DDA757C0}.Release|.NET.ActiveCfg = Release|Any CPU
		{BE3BF801-AA3D-47F0-8F5F-CBE1DDA757C0}.Release|Any CPU.ActiveCfg = Release|Any CPU
		{BE3BF801-AA3D-47F0-8F5F-CBE1DDA757C0}.Release|Any CPU.Build.0 = Release|Any CPU
		{BE3BF801-AA3D-47F0-8F5F-CBE1DDA757C0}.Release|Mixed Platforms.ActiveCfg = Release|Any CPU
		{BE3BF801-AA3D-47F0-8F5F-CBE1DDA757C0}.Release|Mixed Platforms.Build.0 = Release|Any CPU
		{EE5F999B-513A-4A61-B749-4C29238340C7}.Debug|.NET.ActiveCfg = Debug
		{EE5F999B-513A-4A61-B749-4C29238340C7}.Debug|.NET.Build.0 = Debug
		{EE5F999B-513A-4A61-B749-4C29238340C7}.Debug|Any CPU.ActiveCfg = Debug
		{EE5F999B-513A-4A61-B749-4C29238340C7}.Debug|Any CPU.Build.0 = Debug
		{EE5F999B-513A-4A61-B749-4C29238340C7}.Debug|Mixed Platforms.ActiveCfg = Debug
		{EE5F999B-513A-4A61-B749-4C29238340C7}.Default|.NET.ActiveCfg = Debug
		{EE5F999B-513A-4A61-B749-4C29238340C7}.Default|.NET.Build.0 = Debug
		{EE5F999B-513A-4A61-B749-4C29238340C7}.Default|Any CPU.ActiveCfg = Debug
		{EE5F999B-513A-4A61-B749-4C29238340C7}.Default|Any CPU.Build.0 = Debug
		{EE5F999B-513A-4A61-B749-4C29238340C7}.Default|Mixed Platforms.ActiveCfg = Debug
		{EE5F999B-513A-4A61-B749-4C29238340C7}.Default|Mixed Platforms.Build.0 = Debug
		{EE5F999B-513A-4A61-B749-4C29238340C7}.Deploy|.NET.ActiveCfg = Debug
		{EE5F999B-513A-4A61-B749-4C29238340C7}.Deploy|.NET.Build.0 = Debug
		{EE5F999B-513A-4A61-B749-4C29238340C7}.Deploy|Any CPU.ActiveCfg = Debug
		{EE5F999B-513A-4A61-B749-4C29238340C7}.Deploy|Any CPU.Build.0 = Debug
		{EE5F999B-513A-4A61-B749-4C29238340C7}.Deploy|Mixed Platforms.ActiveCfg = Debug
		{EE5F999B-513A-4A61-B749-4C29238340C7}.Deploy|Mixed Platforms.Build.0 = Debug
		{EE5F999B-513A-4A61-B749-4C29238340C7}.Release|.NET.ActiveCfg = Release
		{EE5F999B-513A-4A61-B749-4C29238340C7}.Release|.NET.Build.0 = Release
		{EE5F999B-513A-4A61-B749-4C29238340C7}.Release|Any CPU.ActiveCfg = Release
		{EE5F999B-513A-4A61-B749-4C29238340C7}.Release|Any CPU.Build.0 = Release
		{EE5F999B-513A-4A61-B749-4C29238340C7}.Release|Mixed Platforms.ActiveCfg = Release
		{EE5F999B-513A-4A61-B749-4C29238340C7}.Release|Mixed Platforms.Build.0 = Release
	EndGlobalSection
	GlobalSection(SolutionProperties) = preSolution
		HideSolutionNode = FALSE
	EndGlobalSection
	GlobalSection(NestedProjects) = preSolution
		{DEE6FCE4-D41F-40C0-86FD-02887164AAA5} = {5E712FCA-4DCF-41A6-8A00-E1D4C26EAC85}
		{74EED1CA-A350-45B7-8ABB-FA40A985C3E4} = {107BD9C0-229F-4A7D-9F4E-1226C64D0B14}
		{13101373-EF45-42D4-B8BF-3FD854B02F74} = {107BD9C0-229F-4A7D-9F4E-1226C64D0B14}
		{901767EE-26F5-4582-80F5-25CE055A3D58} = {107BD9C0-229F-4A7D-9F4E-1226C64D0B14}
		{353CBF50-B176-4542-94A6-88B7C8A0A996} = {107BD9C0-229F-4A7D-9F4E-1226C64D0B14}
		{08DD8C3E-678E-48F7-AB76-C5D57A22CA2B} = {107BD9C0-229F-4A7D-9F4E-1226C64D0B14}
		{A1ADAD60-CA88-4ACF-9FCA-ACF1E74B066E} = {107BD9C0-229F-4A7D-9F4E-1226C64D0B14}
		{A777DB68-62D1-4B6F-91ED-B37E72F653C4} = {8838B9B9-D4FA-49BE-A36C-6CBB5006189A}
	EndGlobalSection
EndGlobal
